
Microsoft Visual Studio Solution File, Format Version 12.00
# Visual Studio Version 17
VisualStudioVersion = 17.4.33205.214
MinimumVisualStudioVersion = 10.0.40219.1
Project("{9A19103F-16F7-4668-BE54-9A1E7A4F7556}") = "Chess", "Chess\Chess.csproj", "{944250AE-F97D-46BB-8764-4F2AB34B7078}"
EndProject
Project("{FAE04EC0-301F-11D3-BF4B-00C04F79EFBC}") = "Chess.Core", "Chess.Core\Chess.Core.csproj", "{5D19FD55-A193-4424-BA29-3EBE767795D1}"
EndProject
Global
	GlobalSection(SolutionConfigurationPlatforms) = preSolution
		Debug|Any CPU = Debug|Any CPU
		Release|Any CPU = Release|Any CPU
	EndGlobalSection
	GlobalSection(ProjectConfigurationPlatforms) = postSolution
		{944250AE-F97D-46BB-8764-4F2AB34B7078}.Debug|Any CPU.ActiveCfg = Debug|Any CPU
		{944250AE-F97D-46BB-8764-4F2AB34B7078}.Debug|Any CPU.Build.0 = Debug|Any CPU
		{944250AE-F97D-46BB-8764-4F2AB34B7078}.Release|Any CPU.ActiveCfg = Release|Any CPU
		{944250AE-F97D-46BB-8764-4F2AB34B7078}.Release|Any CPU.Build.0 = Release|Any CPU
		{5D19FD55-A193-4424-BA29-3EBE767795D1}.Debug|Any CPU.ActiveCfg = Debug|Any CPU
		{5D19FD55-A193-4424-BA29-3EBE767795D1}.Debug|Any CPU.Build.0 = Debug|Any CPU
		{5D19FD55-A193-4424-BA29-3EBE767795D1}.Release|Any CPU.ActiveCfg = Release|Any CPU
		{5D19FD55-A193-4424-BA29-3EBE767795D1}.Release|Any CPU.Build.0 = Release|Any CPU
	EndGlobalSection
	GlobalSection(SolutionProperties) = preSolution
		HideSolutionNode = FALSE
	EndGlobalSection
	GlobalSection(ExtensibilityGlobals) = postSolution
		SolutionGuid = {9141F8CD-7A0A-40EA-A371-AC3E12EB4D71}
	EndGlobalSection
EndGlobal
